
Microsoft Visual Studio Solution File, Format Version 12.00
# Visual Studio 15
VisualStudioVersion = 15.0.28307.645
MinimumVisualStudioVersion = 10.0.40219.1
Project("{FAE04EC0-301F-11D3-BF4B-00C04F79EFBC}") = "CSGO", "CSGO\CSGO.csproj", "{7DB10F7B-8022-4E5B-9E29-D4F7755973B6}"
EndProject
Global
	GlobalSection(SolutionConfigurationPlatforms) = preSolution
		Debug|Any CPU = Debug|Any CPU
		Release|Any CPU = Release|Any CPU
	EndGlobalSection
	GlobalSection(ProjectConfigurationPlatforms) = postSolution
		{7DB10F7B-8022-4E5B-9E29-D4F7755973B6}.Debug|Any CPU.ActiveCfg = Debug|Any CPU
		{7DB10F7B-8022-4E5B-9E29-D4F7755973B6}.Debug|Any CPU.Build.0 = Debug|Any CPU
		{7DB10F7B-8022-4E5B-9E29-D4F7755973B6}.Release|Any CPU.ActiveCfg = Release|Any CPU
		{7DB10F7B-8022-4E5B-9E29-D4F7755973B6}.Release|Any CPU.Build.0 = Release|Any CPU
	EndGlobalSection
	GlobalSection(SolutionProperties) = preSolution
		HideSolutionNode = FALSE
	EndGlobalSection
	GlobalSection(ExtensibilityGlobals) = postSolution
		SolutionGuid = {35A687D0-F84A-4E97-8F6E-73C8FA9D44CF}
	EndGlobalSection
EndGlobal
